
Microsoft Visual Studio Solution File, Format Version 10.00
# Visual Studio 2008
Project("{8BC9CEB8-8B4A-11D0-8D11-00A0C91BC942}") = "Retinex", "Retinex\Retinex.vcproj", "{7B6A3F44-9B26-4DFE-816A-DAB3D17D6350}"
EndProject
Global
	GlobalSection(SolutionConfigurationPlatforms) = preSolution
		Debug|Win32 = Debug|Win32
		Release|Win32 = Release|Win32
	EndGlobalSection
	GlobalSection(ProjectConfigurationPlatforms) = postSolution
		{7B6A3F44-9B26-4DFE-816A-DAB3D17D6350}.Debug|Win32.ActiveCfg = Debug|Win32
		{7B6A3F44-9B26-4DFE-816A-DAB3D17D6350}.Debug|Win32.Build.0 = Debug|Win32
		{7B6A3F44-9B26-4DFE-816A-DAB3D17D6350}.Release|Win32.ActiveCfg = Release|Win32
		{7B6A3F44-9B26-4DFE-816A-DAB3D17D6350}.Release|Win32.Build.0 = Release|Win32
	EndGlobalSection
	GlobalSection(SolutionProperties) = preSolution
		HideSolutionNode = FALSE
	EndGlobalSection
EndGlobal
